
Microsoft Visual Studio Solution File, Format Version 12.00
# Visual Studio Version 17
VisualStudioVersion = 17.7.34003.232
MinimumVisualStudioVersion = 10.0.40219.1
Project("{9A19103F-16F7-4668-BE54-9A1E7A4F7556}") = "DLLInjector", "DLLInjector\DLLInjector.csproj", "{C73643C2-0638-40D3-A44C-E3937B3D0250}"
EndProject
Project("{8BC9CEB8-8B4A-11D0-8D11-00A0C91BC942}") = "TestDLL", "TestDLL\TestDLL.vcxproj", "{E72A8964-ECA0-496C-A804-0EE971169B2A}"
EndProject
Global
	GlobalSection(SolutionConfigurationPlatforms) = preSolution
		Debug|Any CPU = Debug|Any CPU
		Debug|x64 = Debug|x64
		Debug|x86 = Debug|x86
		Release|Any CPU = Release|Any CPU
		Release|x64 = Release|x64
		Release|x86 = Release|x86
	EndGlobalSection
	GlobalSection(ProjectConfigurationPlatforms) = postSolution
		{C73643C2-0638-40D3-A44C-E3937B3D0250}.Debug|Any CPU.ActiveCfg = Debug|Any CPU
		{C73643C2-0638-40D3-A44C-E3937B3D0250}.Debug|Any CPU.Build.0 = Debug|Any CPU
		{C73643C2-0638-40D3-A44C-E3937B3D0250}.Debug|x64.ActiveCfg = Debug|Any CPU
		{C73643C2-0638-40D3-A44C-E3937B3D0250}.Debug|x64.Build.0 = Debug|Any CPU
		{C73643C2-0638-40D3-A44C-E3937B3D0250}.Debug|x86.ActiveCfg = Debug|Any CPU
		{C73643C2-0638-40D3-A44C-E3937B3D0250}.Debug|x86.Build.0 = Debug|Any CPU
		{C73643C2-0638-40D3-A44C-E3937B3D0250}.Release|Any CPU.ActiveCfg = Release|Any CPU
		{C73643C2-0638-40D3-A44C-E3937B3D0250}.Release|Any CPU.Build.0 = Release|Any CPU
		{C73643C2-0638-40D3-A44C-E3937B3D0250}.Release|x64.ActiveCfg = Release|Any CPU
		{C73643C2-0638-40D3-A44C-E3937B3D0250}.Release|x64.Build.0 = Release|Any CPU
		{C73643C2-0638-40D3-A44C-E3937B3D0250}.Release|x86.ActiveCfg = Release|Any CPU
		{C73643C2-0638-40D3-A44C-E3937B3D0250}.Release|x86.Build.0 = Release|Any CPU
		{E72A8964-ECA0-496C-A804-0EE971169B2A}.Debug|Any CPU.ActiveCfg = Debug|x64
		{E72A8964-ECA0-496C-A804-0EE971169B2A}.Debug|Any CPU.Build.0 = Debug|x64
		{E72A8964-ECA0-496C-A804-0EE971169B2A}.Debug|x64.ActiveCfg = Debug|x64
		{E72A8964-ECA0-496C-A804-0EE971169B2A}.Debug|x64.Build.0 = Debug|x64
		{E72A8964-ECA0-496C-A804-0EE971169B2A}.Debug|x86.ActiveCfg = Debug|Win32
		{E72A8964-ECA0-496C-A804-0EE971169B2A}.Debug|x86.Build.0 = Debug|Win32
		{E72A8964-ECA0-496C-A804-0EE971169B2A}.Release|Any CPU.ActiveCfg = Release|x64
		{E72A8964-ECA0-496C-A804-0EE971169B2A}.Release|Any CPU.Build.0 = Release|x64
		{E72A8964-ECA0-496C-A804-0EE971169B2A}.Release|x64.ActiveCfg = Release|x64
		{E72A8964-ECA0-496C-A804-0EE971169B2A}.Release|x64.Build.0 = Release|x64
		{E72A8964-ECA0-496C-A804-0EE971169B2A}.Release|x86.ActiveCfg = Release|Win32
		{E72A8964-ECA0-496C-A804-0EE971169B2A}.Release|x86.Build.0 = Release|Win32
	EndGlobalSection
	GlobalSection(SolutionProperties) = preSolution
		HideSolutionNode = FALSE
	EndGlobalSection
	GlobalSection(ExtensibilityGlobals) = postSolution
		SolutionGuid = {34E9C5F0-73F8-490B-B9E0-030ED35436BA}
	EndGlobalSection
EndGlobal
